
Microsoft Visual Studio Solution File, Format Version 12.00
# Visual Studio Version 16
VisualStudioVersion = 16.0.30002.166
MinimumVisualStudioVersion = 10.0.40219.1
Project("{9A19103F-16F7-4668-BE54-9A1E7A4F7556}") = "YololCompetition", "YololCompetition\YololCompetition.csproj", "{32BF449D-558C-4851-89C4-347ACA76E9E9}"
EndProject
Project("{9A19103F-16F7-4668-BE54-9A1E7A4F7556}") = "YololCompetitionTests", "YololCompetitionTests\YololCompetitionTests.csproj", "{645F103B-8AA5-4BF6-9A65-09CABB8D983C}"
EndProject
Project("{2150E333-8FDC-42A3-9474-1A3956D46DE8}") = "Solution Items", "Solution Items", "{A720AF1F-C565-40A2-9ED9-1BB5EE6115D9}"
	ProjectSection(SolutionItems) = preProject
		.editorconfig = .editorconfig
	EndProjectSection
EndProject
Global
	GlobalSection(SolutionConfigurationPlatforms) = preSolution
		Debug|Any CPU = Debug|Any CPU
		Release|Any CPU = Release|Any CPU
	EndGlobalSection
	GlobalSection(ProjectConfigurationPlatforms) = postSolution
		{32BF449D-558C-4851-89C4-347ACA76E9E9}.Debug|Any CPU.ActiveCfg = Debug|Any CPU
		{32BF449D-558C-4851-89C4-347ACA76E9E9}.Debug|Any CPU.Build.0 = Debug|Any CPU
		{32BF449D-558C-4851-89C4-347ACA76E9E9}.Release|Any CPU.ActiveCfg = Release|Any CPU
		{32BF449D-558C-4851-89C4-347ACA76E9E9}.Release|Any CPU.Build.0 = Release|Any CPU
		{645F103B-8AA5-4BF6-9A65-09CABB8D983C}.Debug|Any CPU.ActiveCfg = Debug|Any CPU
		{645F103B-8AA5-4BF6-9A65-09CABB8D983C}.Debug|Any CPU.Build.0 = Debug|Any CPU
		{645F103B-8AA5-4BF6-9A65-09CABB8D983C}.Release|Any CPU.ActiveCfg = Release|Any CPU
		{645F103B-8AA5-4BF6-9A65-09CABB8D983C}.Release|Any CPU.Build.0 = Release|Any CPU
	EndGlobalSection
	GlobalSection(SolutionProperties) = preSolution
		HideSolutionNode = FALSE
	EndGlobalSection
	GlobalSection(ExtensibilityGlobals) = postSolution
		SolutionGuid = {3F9B1153-8129-4BD2-9CB1-6E63DA5D4FE7}
	EndGlobalSection
EndGlobal
